{
  "name": "lex-helpers",
  "version": "0.4.0",
  "lockfileVersion": 1,
  "requires": true,
  "dependencies": {
    "async": {
      "version": "2.6.1",
      "resolved": "https://registry.npmjs.org/async/-/async-2.6.1.tgz",
      "integrity": "sha512-fNEiL2+AZt6AlAw/29Cr0UDe4sRAHCpEHh54WMz+Bb7QfNcFw4h3loofyJpLeQs4Yx7yuqu/2dLgM5hKOs6HlQ==",
      "requires": {
        "lodash": "^4.17.10"
      }
    },
    "decimal.js-light": {
      "version": "2.4.1",
      "resolved": "https://registry.npmjs.org/decimal.js-light/-/decimal.js-light-2.4.1.tgz",
      "integrity": "sha512-OToPy7ssm+ha36h4Af2Yyh3ky51GcKmirdTcyQ1zmjCzV8/M6kqJqjOYMSxWAfm311mtOWLZPnD13JcQngr3vw=="
    },
    "lodash": {
      "version": "4.17.10",
      "resolved": "https://registry.npmjs.org/lodash/-/lodash-4.17.10.tgz",
      "integrity": "sha512-UejweD1pDoXu+AD825lWwp4ZGtSwgnpZxb3JDViD7StjQz+Nb/6l093lx4OQ0foGWNRoc19mWy7BzL+UAK2iVg=="
    }
  }
}
